// !$*UTF8*$!
{
	archiveVersion = 1;
	classes = {
	};
	objectVersion = 77;
	objects = {

/* Begin PBXContainerItemProxy section */
		08CE67022E711DAE00A9B5E8 /* PBXContainerItemProxy */ = {
			isa = PBXContainerItemProxy;
			containerPortal = 08CE66E72E711DAD00A9B5E8 /* Project object */;
			proxyType = 1;
			remoteGlobalIDString = 08CE66EE2E711DAD00A9B5E8;
			remoteInfo = IntroduccionSwiftUI;
		};
		08CE670C2E711DAE00A9B5E8 /* PBXContainerItemProxy */ = {
			isa = PBXContainerItemProxy;
			containerPortal = 08CE66E72E711DAD00A9B5E8 /* Project object */;
			proxyType = 1;
			remoteGlobalIDString = 08CE66EE2E711DAD00A9B5E8;
			remoteInfo = IntroduccionSwiftUI;
		};
/* End PBXContainerItemProxy section */

/* Begin PBXFileReference section */
		08CE66EF2E711DAD00A9B5E8 /* IntroduccionSwiftUI.app */ = {isa = PBXFileReference; explicitFileType = wrapper.application; includeInIndex = 0; path = IntroduccionSwiftUI.app; sourceTree = BUILT_PRODUCTS_DIR; };
		08CE67012E711DAE00A9B5E8 /* IntroduccionSwiftUITests.xctest */ = {isa = PBXFileReference; explicitFileType = wrapper.cfbundle; includeInIndex = 0; path = IntroduccionSwiftUITests.xctest; sourceTree = BUILT_PRODUCTS_DIR; };
		08CE670B2E711DAE00A9B5E8 /* IntroduccionSwiftUIUITests.xctest */ = {isa = PBXFileReference; explicitFileType = wrapper.cfbundle; includeInIndex = 0; path = IntroduccionSwiftUIUITests.xctest; sourceTree = BUILT_PRODUCTS_DIR; };
/* End PBXFileReference section */

/* Begin PBXFileSystemSynchronizedRootGroup section */
		08CE66F12E711DAD00A9B5E8 /* IntroduccionSwiftUI */ = {
			isa = PBXFileSystemSynchronizedRootGroup;
			path = IntroduccionSwiftUI;
			sourceTree = "<group>";
		};
		08CE67042E711DAE00A9B5E8 /* IntroduccionSwiftUITests */ = {
			isa = PBXFileSystemSynchronizedRootGroup;
			path = IntroduccionSwiftUITests;
			sourceTree = "<group>";
		};
		08CE670E2E711DAE00A9B5E8 /* IntroduccionSwiftUIUITests */ = {
			isa = PBXFileSystemSynchronizedRootGroup;
			path = IntroduccionSwiftUIUITests;
			sourceTree = "<group>";
		};
/* End PBXFileSystemSynchronizedRootGroup section */

/* Begin PBXFrameworksBuildPhase section */
		08CE66EC2E711DAD00A9B5E8 /* Frameworks */ = {
			isa = PBXFrameworksBuildPhase;
			buildActionMask = 2147483647;
			files = (
			);
			runOnlyForDeploymentPostprocessing = 0;
		};
		08CE66FE2E711DAE00A9B5E8 /* Frameworks */ = {
			isa = PBXFrameworksBuildPhase;
			buildActionMask = 2147483647;
			files = (
			);
			runOnlyForDeploymentPostprocessing = 0;
		};
		08CE67082E711DAE00A9B5E8 /* Frameworks */ = {
			isa = PBXFrameworksBuildPhase;
			buildActionMask = 2147483647;
			files = (
			);
			runOnlyForDeploymentPostprocessing = 0;
		};
/* End PBXFrameworksBuildPhase section */

/* Begin PBXGroup section */
		08CE66E62E711DAD00A9B5E8 = {
			isa = PBXGroup;
			children = (
				08CE66F12E711DAD00A9B5E8 /* IntroduccionSwiftUI */,
				08CE67042E711DAE00A9B5E8 /* IntroduccionSwiftUITests */,
				08CE670E2E711DAE00A9B5E8 /* IntroduccionSwiftUIUITests */,
				08CE66F02E711DAD00A9B5E8 /* Products */,
			);
			sourceTree = "<group>";
		};
		08CE66F02E711DAD00A9B5E8 /* Products */ = {
			isa = PBXGroup;
			children = (
				08CE66EF2E711DAD00A9B5E8 /* IntroduccionSwiftUI.app */,
				08CE67012E711DAE00A9B5E8 /* IntroduccionSwiftUITests.xctest */,
				08CE670B2E711DAE00A9B5E8 /* IntroduccionSwiftUIUITests.xctest */,
			);
			name = Products;
			sourceTree = "<group>";
		};
/* End PBXGroup section */

/* Begin PBXNativeTarget section */
		08CE66EE2E711DAD00A9B5E8 /* IntroduccionSwiftUI */ = {
			isa = PBXNativeTarget;
			buildConfigurationList = 08CE67152E711DAE00A9B5E8 /* Build configuration list for PBXNativeTarget "IntroduccionSwiftUI" */;
			buildPhases = (
				08CE66EB2E711DAD00A9B5E8 /* Sources */,
				08CE66EC2E711DAD00A9B5E8 /* Frameworks */,
				08CE66ED2E711DAD00A9B5E8 /* Resources */,
			);
			buildRules = (
			);
			dependencies = (
			);
			fileSystemSynchronizedGroups = (
				08CE66F12E711DAD00A9B5E8 /* IntroduccionSwiftUI */,
			);
			name = IntroduccionSwiftUI;
			packageProductDependencies = (
			);
			productName = IntroduccionSwiftUI;
			productReference = 08CE66EF2E711DAD00A9B5E8 /* IntroduccionSwiftUI.app */;
			productType = "com.apple.product-type.application";
		};
		08CE67002E711DAE00A9B5E8 /* IntroduccionSwiftUITests */ = {
			isa = PBXNativeTarget;
			buildConfigurationList = 08CE67182E711DAE00A9B5E8 /* Build configuration list for PBXNativeTarget "IntroduccionSwiftUITests" */;
			buildPhases = (
				08CE66FD2E711DAE00A9B5E8 /* Sources */,
				08CE66FE2E711DAE00A9B5E8 /* Frameworks */,
				08CE66FF2E711DAE00A9B5E8 /* Resources */,
			);
			buildRules = (
			);
			dependencies = (
				08CE67032E711DAE00A9B5E8 /* PBXTargetDependency */,
			);
			fileSystemSynchronizedGroups = (
				08CE67042E711DAE00A9B5E8 /* IntroduccionSwiftUITests */,
			);
			name = IntroduccionSwiftUITests;
			packageProductDependencies = (
			);
			productName = IntroduccionSwiftUITests;
			productReference = 08CE67012E711DAE00A9B5E8 /* IntroduccionSwiftUITests.xctest */;
			productType = "com.apple.product-type.bundle.unit-test";
		};
		08CE670A2E711DAE00A9B5E8 /* IntroduccionSwiftUIUITests */ = {
			isa = PBXNativeTarget;
			buildConfigurationList = 08CE671B2E711DAE00A9B5E8 /* Build configuration list for PBXNativeTarget "IntroduccionSwiftUIUITests" */;
			buildPhases = (
				08CE67072E711DAE00A9B5E8 /* Sources */,
				08CE67082E711DAE00A9B5E8 /* Frameworks */,
				08CE67092E711DAE00A9B5E8 /* Resources */,
			);
			buildRules = (
			);
			dependencies = (
				08CE670D2E711DAE00A9B5E8 /* PBXTargetDependency */,
			);
			fileSystemSynchronizedGroups = (
				08CE670E2E711DAE00A9B5E8 /* IntroduccionSwiftUIUITests */,
			);
			name = IntroduccionSwiftUIUITests;
			packageProductDependencies = (
			);
			productName = IntroduccionSwiftUIUITests;
			productReference = 08CE670B2E711DAE00A9B5E8 /* IntroduccionSwiftUIUITests.xctest */;
			productType = "com.apple.product-type.bundle.ui-testing";
		};
/* End PBXNativeTarget section */

/* Begin PBXProject section */
		08CE66E72E711DAD00A9B5E8 /* Project object */ = {
			isa = PBXProject;
			attributes = {
				BuildIndependentTargetsInParallel = 1;
				LastSwiftUpdateCheck = 1620;
				LastUpgradeCheck = 1620;
				TargetAttributes = {
					08CE66EE2E711DAD00A9B5E8 = {
						CreatedOnToolsVersion = 16.2;
					};
					08CE67002E711DAE00A9B5E8 = {
						CreatedOnToolsVersion = 16.2;
						TestTargetID = 08CE66EE2E711DAD00A9B5E8;
					};
					08CE670A2E711DAE00A9B5E8 = {
						CreatedOnToolsVersion = 16.2;
						TestTargetID = 08CE66EE2E711DAD00A9B5E8;
					};
				};
			};
			buildConfigurationList = 08CE66EA2E711DAD00A9B5E8 /* Build configuration list for PBXProject "IntroduccionSwiftUI" */;
			developmentRegion = en;
			hasScannedForEncodings = 0;
			knownRegions = (
				en,
				Base,
			);
			mainGroup = 08CE66E62E711DAD00A9B5E8;
			minimizedProjectReferenceProxies = 1;
			preferredProjectObjectVersion = 77;
			productRefGroup = 08CE66F02E711DAD00A9B5E8 /* Products */;
			projectDirPath = "";
			projectRoot = "";
			targets = (
				08CE66EE2E711DAD00A9B5E8 /* IntroduccionSwiftUI */,
				08CE67002E711DAE00A9B5E8 /* IntroduccionSwiftUITests */,
				08CE670A2E711DAE00A9B5E8 /* IntroduccionSwiftUIUITests */,
			);
		};
/* End PBXProject section */

/* Begin PBXResourcesBuildPhase section */
		08CE66ED2E711DAD00A9B5E8 /* Resources */ = {
			isa = PBXResourcesBuildPhase;
			buildActionMask = 2147483647;
			files = (
			);
			runOnlyForDeploymentPostprocessing = 0;
		};
		08CE66FF2E711DAE00A9B5E8 /* Resources */ = {
			isa = PBXResourcesBuildPhase;
			buildActionMask = 2147483647;
			files = (
			);
			runOnlyForDeploymentPostprocessing = 0;
		};
		08CE67092E711DAE00A9B5E8 /* Resources */ = {
			isa = PBXResourcesBuildPhase;
			buildActionMask = 2147483647;
			files = (
			);
			runOnlyForDeploymentPostprocessing = 0;
		};
/* End PBXResourcesBuildPhase section */

/* Begin PBXSourcesBuildPhase section */
		08CE66EB2E711DAD00A9B5E8 /* Sources */ = {
			isa = PBXSourcesBuildPhase;
			buildActionMask = 2147483647;
			files = (
			);
			runOnlyForDeploymentPostprocessing = 0;
		};
		08CE66FD2E711DAE00A9B5E8 /* Sources */ = {
			isa = PBXSourcesBuildPhase;
			buildActionMask = 2147483647;
			files = (
			);
			runOnlyForDeploymentPostprocessing = 0;
		};
		08CE67072E711DAE00A9B5E8 /* Sources */ = {
			isa = PBXSourcesBuildPhase;
			buildActionMask = 2147483647;
			files = (
			);
			runOnlyForDeploymentPostprocessing = 0;
		};
/* End PBXSourcesBuildPhase section */

/* Begin PBXTargetDependency section */
		08CE67032E711DAE00A9B5E8 /* PBXTargetDependency */ = {
			isa = PBXTargetDependency;
			target = 08CE66EE2E711DAD00A9B5E8 /* IntroduccionSwiftUI */;
			targetProxy = 08CE67022E711DAE00A9B5E8 /* PBXContainerItemProxy */;
		};
		08CE670D2E711DAE00A9B5E8 /* PBXTargetDependency */ = {
			isa = PBXTargetDependency;
			target = 08CE66EE2E711DAD00A9B5E8 /* IntroduccionSwiftUI */;
			targetProxy = 08CE670C2E711DAE00A9B5E8 /* PBXContainerItemProxy */;
		};
/* End PBXTargetDependency section */

/* Begin XCBuildConfiguration section */
		08CE67132E711DAE00A9B5E8 /* Debug */ = {
			isa = XCBuildConfiguration;
			buildSettings = {
				ALWAYS_SEARCH_USER_PATHS = NO;
				ASSETCATALOG_COMPILER_GENERATE_SWIFT_ASSET_SYMBOL_EXTENSIONS = YES;
				CLANG_ANALYZER_NONNULL = YES;
				CLANG_ANALYZER_NUMBER_OBJECT_CONVERSION = YES_AGGRESSIVE;
				CLANG_CXX_LANGUAGE_STANDARD = "gnu++20";
				CLANG_ENABLE_MODULES = YES;
				CLANG_ENABLE_OBJC_ARC = YES;
				CLANG_ENABLE_OBJC_WEAK = YES;
				CLANG_WARN_BLOCK_CAPTURE_AUTORELEASING = YES;
				CLANG_WARN_BOOL_CONVERSION = YES;
				CLANG_WARN_COMMA = YES;
				CLANG_WARN_CONSTANT_CONVERSION = YES;
				CLANG_WARN_DEPRECATED_OBJC_IMPLEMENTATIONS = YES;
				CLANG_WARN_DIRECT_OBJC_ISA_USAGE = YES_ERROR;
				CLANG_WARN_DOCUMENTATION_COMMENTS = YES;
				CLANG_WARN_EMPTY_BODY = YES;
				CLANG_WARN_ENUM_CONVERSION = YES;
				CLANG_WARN_INFINITE_RECURSION = YES;
				CLANG_WARN_INT_CONVERSION = YES;
				CLANG_WARN_NON_LITERAL_NULL_CONVERSION = YES;
				CLANG_WARN_OBJC_IMPLICIT_RETAIN_SELF = YES;
				CLANG_WARN_OBJC_LITERAL_CONVERSION = YES;
				CLANG_WARN_OBJC_ROOT_CLASS = YES_ERROR;
				CLANG_WARN_QUOTED_INCLUDE_IN_FRAMEWORK_HEADER = YES;
				CLANG_WARN_RANGE_LOOP_ANALYSIS = YES;
				CLANG_WARN_STRICT_PROTOTYPES = YES;
				CLANG_WARN_SUSPICIOUS_MOVE = YES;
				CLANG_WARN_UNGUARDED_AVAILABILITY = YES_AGGRESSIVE;
				CLANG_WARN_UNREACHABLE_CODE = YES;
				CLANG_WARN__DUPLICATE_METHOD_MATCH = YES;
				COPY_PHASE_STRIP = NO;
				DEBUG_INFORMATION_FORMAT = dwarf;
				ENABLE_STRICT_OBJC_MSGSEND = YES;
				ENABLE_TESTABILITY = YES;
				ENABLE_USER_SCRIPT_SANDBOXING = YES;
				GCC_C_LANGUAGE_STANDARD = gnu17;
				GCC_DYNAMIC_NO_PIC = NO;
				GCC_NO_COMMON_BLOCKS = YES;
				GCC_OPTIMIZATION_LEVEL = 0;
				GCC_PREPROCESSOR_DEFINITIONS = (
					"DEBUG=1",
					"$(inherited)",
				);
				GCC_WARN_64_TO_32_BIT_CONVERSION = YES;
				GCC_WARN_ABOUT_RETURN_TYPE = YES_ERROR;
				GCC_WARN_UNDECLARED_SELECTOR = YES;
				GCC_WARN_UNINITIALIZED_AUTOS = YES_AGGRESSIVE;
				GCC_WARN_UNUSED_FUNCTION = YES;
				GCC_WARN_UNUSED_VARIABLE = YES;
				IPHONEOS_DEPLOYMENT_TARGET = 18.2;
				LOCALIZATION_PREFERS_STRING_CATALOGS = YES;
				MTL_ENABLE_DEBUG_INFO = INCLUDE_SOURCE;
				MTL_FAST_MATH = YES;
				ONLY_ACTIVE_ARCH = YES;
				SDKROOT = iphoneos;
				SWIFT_ACTIVE_COMPILATION_CONDITIONS = "DEBUG $(inherited)";
				SWIFT_OPTIMIZATION_LEVEL = "-Onone";
			};
			name = Debug;
		};
		08CE67142E711DAE00A9B5E8 /* Release */ = {
			isa = XCBuildConfiguration;
			buildSettings = {
				ALWAYS_SEARCH_USER_PATHS = NO;
				ASSETCATALOG_COMPILER_GENERATE_SWIFT_ASSET_SYMBOL_EXTENSIONS = YES;
				CLANG_ANALYZER_NONNULL = YES;
				CLANG_ANALYZER_NUMBER_OBJECT_CONVERSION = YES_AGGRESSIVE;
				CLANG_CXX_LANGUAGE_STANDARD = "gnu++20";
				CLANG_ENABLE_MODULES = YES;
				CLANG_ENABLE_OBJC_ARC = YES;
				CLANG_ENABLE_OBJC_WEAK = YES;
				CLANG_WARN_BLOCK_CAPTURE_AUTORELEASING = YES;
				CLANG_WARN_BOOL_CONVERSION = YES;
				CLANG_WARN_COMMA = YES;
				CLANG_WARN_CONSTANT_CONVERSION = YES;
				CLANG_WARN_DEPRECATED_OBJC_IMPLEMENTATIONS = YES;
				CLANG_WARN_DIRECT_OBJC_ISA_USAGE = YES_ERROR;
				CLANG_WARN_DOCUMENTATION_COMMENTS = YES;
				CLANG_WARN_EMPTY_BODY = YES;
				CLANG_WARN_ENUM_CONVERSION = YES;
				CLANG_WARN_INFINITE_RECURSION = YES;
				CLANG_WARN_INT_CONVERSION = YES;
				CLANG_WARN_NON_LITERAL_NULL_CONVERSION = YES;
				CLANG_WARN_OBJC_IMPLICIT_RETAIN_SELF = YES;
				CLANG_WARN_OBJC_LITERAL_CONVERSION = YES;
				CLANG_WARN_OBJC_ROOT_CLASS = YES_ERROR;
				CLANG_WARN_QUOTED_INCLUDE_IN_FRAMEWORK_HEADER = YES;
				CLANG_WARN_RANGE_LOOP_ANALYSIS = YES;
				CLANG_WARN_STRICT_PROTOTYPES = YES;
				CLANG_WARN_SUSPICIOUS_MOVE = YES;
				CLANG_WARN_UNGUARDED_AVAILABILITY = YES_AGGRESSIVE;
				CLANG_WARN_UNREACHABLE_CODE = YES;
				CLANG_WARN__DUPLICATE_METHOD_MATCH = YES;
				COPY_PHASE_STRIP = NO;
				DEBUG_INFORMATION_FORMAT = "dwarf-with-dsym";
				ENABLE_NS_ASSERTIONS = NO;
				ENABLE_STRICT_OBJC_MSGSEND = YES;
				ENABLE_USER_SCRIPT_SANDBOXING = YES;
				GCC_C_LANGUAGE_STANDARD = gnu17;
				GCC_NO_COMMON_BLOCKS = YES;
				GCC_WARN_64_TO_32_BIT_CONVERSION = YES;
				GCC_WARN_ABOUT_RETURN_TYPE = YES_ERROR;
				GCC_WARN_UNDECLARED_SELECTOR = YES;
				GCC_WARN_UNINITIALIZED_AUTOS = YES_AGGRESSIVE;
				GCC_WARN_UNUSED_FUNCTION = YES;
				GCC_WARN_UNUSED_VARIABLE = YES;
				IPHONEOS_DEPLOYMENT_TARGET = 18.2;
				LOCALIZATION_PREFERS_STRING_CATALOGS = YES;
				MTL_ENABLE_DEBUG_INFO = NO;
				MTL_FAST_MATH = YES;
				SDKROOT = iphoneos;
				SWIFT_COMPILATION_MODE = wholemodule;
				VALIDATE_PRODUCT = YES;
			};
			name = Release;
		};
		08CE67162E711DAE00A9B5E8 /* Debug */ = {
			isa = XCBuildConfiguration;
			buildSettings = {
				ASSETCATALOG_COMPILER_APPICON_NAME = AppIcon;
				ASSETCATALOG_COMPILER_GLOBAL_ACCENT_COLOR_NAME = AccentColor;
				CODE_SIGN_STYLE = Automatic;
				CURRENT_PROJECT_VERSION = 1;
				DEVELOPMENT_ASSET_PATHS = "\"IntroduccionSwiftUI/Preview Content\"";
				ENABLE_PREVIEWS = YES;
				GENERATE_INFOPLIST_FILE = YES;
				INFOPLIST_KEY_UIApplicationSceneManifest_Generation = YES;
				INFOPLIST_KEY_UIApplicationSupportsIndirectInputEvents = YES;
				INFOPLIST_KEY_UILaunchScreen_Generation = YES;
				INFOPLIST_KEY_UISupportedInterfaceOrientations_iPad = "UIInterfaceOrientationPortrait UIInterfaceOrientationPortraitUpsideDown UIInterfaceOrientationLandscapeLeft UIInterfaceOrientationLandscapeRight";
				INFOPLIST_KEY_UISupportedInterfaceOrientations_iPhone = "UIInterfaceOrientationPortrait UIInterfaceOrientationLandscapeLeft UIInterfaceOrientationLandscapeRight";
				LD_RUNPATH_SEARCH_PATHS = (
					"$(inherited)",
					"@executable_path/Frameworks",
				);
				MARKETING_VERSION = 1.0;
				PRODUCT_BUNDLE_IDENTIFIER = pe.isil.ecavero.IntroduccionSwiftUI;
				PRODUCT_NAME = "$(TARGET_NAME)";
				SWIFT_EMIT_LOC_STRINGS = YES;
				SWIFT_VERSION = 5.0;
				TARGETED_DEVICE_FAMILY = "1,2";
			};
			name = Debug;
		};
		08CE67172E711DAE00A9B5E8 /* Release */ = {
			isa = XCBuildConfiguration;
			buildSettings = {
				ASSETCATALOG_COMPILER_APPICON_NAME = AppIcon;
				ASSETCATALOG_COMPILER_GLOBAL_ACCENT_COLOR_NAME = AccentColor;
				CODE_SIGN_STYLE = Automatic;
				CURRENT_PROJECT_VERSION = 1;
				DEVELOPMENT_ASSET_PATHS = "\"IntroduccionSwiftUI/Preview Content\"";
				ENABLE_PREVIEWS = YES;
				GENERATE_INFOPLIST_FILE = YES;
				INFOPLIST_KEY_UIApplicationSceneManifest_Generation = YES;
				INFOPLIST_KEY_UIApplicationSupportsIndirectInputEvents = YES;
				INFOPLIST_KEY_UILaunchScreen_Generation = YES;
				INFOPLIST_KEY_UISupportedInterfaceOrientations_iPad = "UIInterfaceOrientationPortrait UIInterfaceOrientationPortraitUpsideDown UIInterfaceOrientationLandscapeLeft UIInterfaceOrientationLandscapeRight";
				INFOPLIST_KEY_UISupportedInterfaceOrientations_iPhone = "UIInterfaceOrientationPortrait UIInterfaceOrientationLandscapeLeft UIInterfaceOrientationLandscapeRight";
				LD_RUNPATH_SEARCH_PATHS = (
					"$(inherited)",
					"@executable_path/Frameworks",
				);
				MARKETING_VERSION = 1.0;
				PRODUCT_BUNDLE_IDENTIFIER = pe.isil.ecavero.IntroduccionSwiftUI;
				PRODUCT_NAME = "$(TARGET_NAME)";
				SWIFT_EMIT_LOC_STRINGS = YES;
				SWIFT_VERSION = 5.0;
				TARGETED_DEVICE_FAMILY = "1,2";
			};
			name = Release;
		};
		08CE67192E711DAE00A9B5E8 /* Debug */ = {
			isa = XCBuildConfiguration;
			buildSettings = {
				BUNDLE_LOADER = "$(TEST_HOST)";
				CODE_SIGN_STYLE = Automatic;
				CURRENT_PROJECT_VERSION = 1;
				GENERATE_INFOPLIST_FILE = YES;
				IPHONEOS_DEPLOYMENT_TARGET = 18.2;
				MARKETING_VERSION = 1.0;
				PRODUCT_BUNDLE_IDENTIFIER = pe.isil.ecavero.IntroduccionSwiftUITests;
				PRODUCT_NAME = "$(TARGET_NAME)";
				SWIFT_EMIT_LOC_STRINGS = NO;
				SWIFT_VERSION = 5.0;
				TARGETED_DEVICE_FAMILY = "1,2";
				TEST_HOST = "$(BUILT_PRODUCTS_DIR)/IntroduccionSwiftUI.app/$(BUNDLE_EXECUTABLE_FOLDER_PATH)/IntroduccionSwiftUI";
			};
			name = Debug;
		};
		08CE671A2E711DAE00A9B5E8 /* Release */ = {
			isa = XCBuildConfiguration;
			buildSettings = {
				BUNDLE_LOADER = "$(TEST_HOST)";
				CODE_SIGN_STYLE = Automatic;
				CURRENT_PROJECT_VERSION = 1;
				GENERATE_INFOPLIST_FILE = YES;
				IPHONEOS_DEPLOYMENT_TARGET = 18.2;
				MARKETING_VERSION = 1.0;
				PRODUCT_BUNDLE_IDENTIFIER = pe.isil.ecavero.IntroduccionSwiftUITests;
				PRODUCT_NAME = "$(TARGET_NAME)";
				SWIFT_EMIT_LOC_STRINGS = NO;
				SWIFT_VERSION = 5.0;
				TARGETED_DEVICE_FAMILY = "1,2";
				TEST_HOST = "$(BUILT_PRODUCTS_DIR)/IntroduccionSwiftUI.app/$(BUNDLE_EXECUTABLE_FOLDER_PATH)/IntroduccionSwiftUI";
			};
			name = Release;
		};
		08CE671C2E711DAE00A9B5E8 /* Debug */ = {
			isa = XCBuildConfiguration;
			buildSettings = {
				CODE_SIGN_STYLE = Automatic;
				CURRENT_PROJECT_VERSION = 1;
				GENERATE_INFOPLIST_FILE = YES;
				MARKETING_VERSION = 1.0;
				PRODUCT_BUNDLE_IDENTIFIER = pe.isil.ecavero.IntroduccionSwiftUIUITests;
				PRODUCT_NAME = "$(TARGET_NAME)";
				SWIFT_EMIT_LOC_STRINGS = NO;
				SWIFT_VERSION = 5.0;
				TARGETED_DEVICE_FAMILY = "1,2";
				TEST_TARGET_NAME = IntroduccionSwiftUI;
			};
			name = Debug;
		};
		08CE671D2E711DAE00A9B5E8 /* Release */ = {
			isa = XCBuildConfiguration;
			buildSettings = {
				CODE_SIGN_STYLE = Automatic;
				CURRENT_PROJECT_VERSION = 1;
				GENERATE_INFOPLIST_FILE = YES;
				MARKETING_VERSION = 1.0;
				PRODUCT_BUNDLE_IDENTIFIER = pe.isil.ecavero.IntroduccionSwiftUIUITests;
				PRODUCT_NAME = "$(TARGET_NAME)";
				SWIFT_EMIT_LOC_STRINGS = NO;
				SWIFT_VERSION = 5.0;
				TARGETED_DEVICE_FAMILY = "1,2";
				TEST_TARGET_NAME = IntroduccionSwiftUI;
			};
			name = Release;
		};
/* End XCBuildConfiguration section */

/* Begin XCConfigurationList section */
		08CE66EA2E711DAD00A9B5E8 /* Build configuration list for PBXProject "IntroduccionSwiftUI" */ = {
			isa = XCConfigurationList;
			buildConfigurations = (
				08CE67132E711DAE00A9B5E8 /* Debug */,
				08CE67142E711DAE00A9B5E8 /* Release */,
			);
			defaultConfigurationIsVisible = 0;
			defaultConfigurationName = Release;
		};
		08CE67152E711DAE00A9B5E8 /* Build configuration list for PBXNativeTarget "IntroduccionSwiftUI" */ = {
			isa = XCConfigurationList;
			buildConfigurations = (
				08CE67162E711DAE00A9B5E8 /* Debug */,
				08CE67172E711DAE00A9B5E8 /* Release */,
			);
			defaultConfigurationIsVisible = 0;
			defaultConfigurationName = Release;
		};
		08CE67182E711DAE00A9B5E8 /* Build configuration list for PBXNativeTarget "IntroduccionSwiftUITests" */ = {
			isa = XCConfigurationList;
			buildConfigurations = (
				08CE67192E711DAE00A9B5E8 /* Debug */,
				08CE671A2E711DAE00A9B5E8 /* Release */,
			);
			defaultConfigurationIsVisible = 0;
			defaultConfigurationName = Release;
		};
		08CE671B2E711DAE00A9B5E8 /* Build configuration list for PBXNativeTarget "IntroduccionSwiftUIUITests" */ = {
			isa = XCConfigurationList;
			buildConfigurations = (
				08CE671C2E711DAE00A9B5E8 /* Debug */,
				08CE671D2E711DAE00A9B5E8 /* Release */,
			);
			defaultConfigurationIsVisible = 0;
			defaultConfigurationName = Release;
		};
/* End XCConfigurationList section */
	};
	rootObject = 08CE66E72E711DAD00A9B5E8 /* Project object */;
}
